
Microsoft Visual Studio Solution File, Format Version 12.00
# Visual Studio Version 16
VisualStudioVersion = 16.0.30517.126
MinimumVisualStudioVersion = 10.0.40219.1
Project("{FAE04EC0-301F-11D3-BF4B-00C04F79EFBC}") = "MiniflixApp.Web", "MiniflixApp.Web\MiniflixApp.Web.csproj", "{3A794709-5A0F-477C-83A5-DFDF641B3BA4}"
EndProject
Project("{FAE04EC0-301F-11D3-BF4B-00C04F79EFBC}") = "MiniflixApp.Core", "MiniflixApp.Core\MiniflixApp.Core.csproj", "{B800018D-E797-4F6E-96BD-9B8D8DCAEF20}"
EndProject
Project("{FAE04EC0-301F-11D3-BF4B-00C04F79EFBC}") = "MiniflixApp.UI", "MiniflixApp.UI\MiniflixApp.UI.csproj", "{8904CC4C-2021-41EE-A7A0-2CA851DA6BF2}"
EndProject
Global
	GlobalSection(SolutionConfigurationPlatforms) = preSolution
		Debug|Any CPU = Debug|Any CPU
		Release|Any CPU = Release|Any CPU
	EndGlobalSection
	GlobalSection(ProjectConfigurationPlatforms) = postSolution
		{3A794709-5A0F-477C-83A5-DFDF641B3BA4}.Debug|Any CPU.ActiveCfg = Debug|Any CPU
		{3A794709-5A0F-477C-83A5-DFDF641B3BA4}.Debug|Any CPU.Build.0 = Debug|Any CPU
		{3A794709-5A0F-477C-83A5-DFDF641B3BA4}.Release|Any CPU.ActiveCfg = Release|Any CPU
		{3A794709-5A0F-477C-83A5-DFDF641B3BA4}.Release|Any CPU.Build.0 = Release|Any CPU
		{B800018D-E797-4F6E-96BD-9B8D8DCAEF20}.Debug|Any CPU.ActiveCfg = Debug|Any CPU
		{B800018D-E797-4F6E-96BD-9B8D8DCAEF20}.Debug|Any CPU.Build.0 = Debug|Any CPU
		{B800018D-E797-4F6E-96BD-9B8D8DCAEF20}.Release|Any CPU.ActiveCfg = Release|Any CPU
		{B800018D-E797-4F6E-96BD-9B8D8DCAEF20}.Release|Any CPU.Build.0 = Release|Any CPU
		{8904CC4C-2021-41EE-A7A0-2CA851DA6BF2}.Debug|Any CPU.ActiveCfg = Debug|Any CPU
		{8904CC4C-2021-41EE-A7A0-2CA851DA6BF2}.Debug|Any CPU.Build.0 = Debug|Any CPU
		{8904CC4C-2021-41EE-A7A0-2CA851DA6BF2}.Release|Any CPU.ActiveCfg = Release|Any CPU
		{8904CC4C-2021-41EE-A7A0-2CA851DA6BF2}.Release|Any CPU.Build.0 = Release|Any CPU
	EndGlobalSection
	GlobalSection(SolutionProperties) = preSolution
		HideSolutionNode = FALSE
	EndGlobalSection
	GlobalSection(ExtensibilityGlobals) = postSolution
		SolutionGuid = {62228922-4A13-49CA-A23C-90C38E71077A}
	EndGlobalSection
EndGlobal
